{
  "lockfile_version": "1",
  "packages": {
    "clang-tools@latest": {
      "last_modified": "2025-10-07T08:41:47Z",
      "resolved": "github:NixOS/nixpkgs/bce5fe2bb998488d8e7e7856315f90496723793c#clang-tools",
      "source": "devbox-search",
      "version": "21.1.1",
      "systems": {
        "aarch64-darwin": {
          "outputs": [
            {
              "name": "out",
              "path": "/nix/store/i5fkw9l1yxix62b0b0yk9vzd2a5ny785-clang-tools-21.1.1",
              "default": true
            }
          ],
          "store_path": "/nix/store/i5fkw9l1yxix62b0b0yk9vzd2a5ny785-clang-tools-21.1.1"
        },
        "aarch64-linux": {
          "outputs": [
            {
              "name": "out",
              "path": "/nix/store/hbnl0hvg35h3krwgzpjlnbjadpr5vlr6-clang-tools-21.1.1",
              "default": true
            }
          ],
          "store_path": "/nix/store/hbnl0hvg35h3krwgzpjlnbjadpr5vlr6-clang-tools-21.1.1"
        },
        "x86_64-darwin": {
          "outputs": [
            {
              "name": "out",
              "path": "/nix/store/bpr3wg4inb8km4kgfc95vynlb90in2q5-clang-tools-21.1.1",
              "default": true
            }
          ],
          "store_path": "/nix/store/bpr3wg4inb8km4kgfc95vynlb90in2q5-clang-tools-21.1.1"
        },
        "x86_64-linux": {
          "outputs": [
            {
              "name": "out",
              "path": "/nix/store/bs2gprqxgnkdrvzsz8l4k2mi776wxdip-clang-tools-21.1.1",
              "default": true
            }
          ],
          "store_path": "/nix/store/bs2gprqxgnkdrvzsz8l4k2mi776wxdip-clang-tools-21.1.1"
        }
      }
    },
    "cmake@latest": {
      "last_modified": "2025-10-07T08:41:47Z",
      "resolved": "github:NixOS/nixpkgs/bce5fe2bb998488d8e7e7856315f90496723793c#cmake",
      "source": "devbox-search",
      "version": "4.1.1",
      "systems": {
        "aarch64-darwin": {
          "outputs": [
            {
              "name": "out",
              "path": "/nix/store/7f42ksnx9chv8clzni5k3ym0dp5sk3xq-cmake-4.1.1",
              "default": true
            }
          ],
          "store_path": "/nix/store/7f42ksnx9chv8clzni5k3ym0dp5sk3xq-cmake-4.1.1"
        },
        "aarch64-linux": {
          "outputs": [
            {
              "name": "out",
              "path": "/nix/store/h0hdccgw5r28sia1lwaya4hbx10sngqf-cmake-4.1.1",
              "default": true
            },
            {
              "name": "debug",
              "path": "/nix/store/4bll6nx3fdscm70jfpcl9d3mzaz6qrq0-cmake-4.1.1-debug"
            }
          ],
          "store_path": "/nix/store/h0hdccgw5r28sia1lwaya4hbx10sngqf-cmake-4.1.1"
        },
        "x86_64-darwin": {
          "outputs": [
            {
              "name": "out",
              "path": "/nix/store/6cjky7lsm3n9fd1l1yfs084vawf8qs2c-cmake-4.1.1",
              "default": true
            }
          ],
          "store_path": "/nix/store/6cjky7lsm3n9fd1l1yfs084vawf8qs2c-cmake-4.1.1"
        },
        "x86_64-linux": {
          "outputs": [
            {
              "name": "out",
              "path": "/nix/store/2lrbixyw95bjg0x1aav648r0h0zsj2jl-cmake-4.1.1",
              "default": true
            },
            {
              "name": "debug",
              "path": "/nix/store/8ka255hfrrykda2a7g3k1b9gmyqcvfq3-cmake-4.1.1-debug"
            }
          ],
          "store_path": "/nix/store/2lrbixyw95bjg0x1aav648r0h0zsj2jl-cmake-4.1.1"
        }
      }
    },
    "coreutils": {
      "resolved": "github:NixOS/nixpkgs/f937f8ecd1c70efd7e9f90ba13dfb400cf559de4?narHash=sha256-4%2FJd%2BLkQ2ssw8luQVkqVs9spDBVE6h%2Fu%2FhC%2FtzngsPo%3D#coreutils",
      "source": "nixpkg"
    },
    "dbus": {
      "resolved": "github:NixOS/nixpkgs/f937f8ecd1c70efd7e9f90ba13dfb400cf559de4?narHash=sha256-4%2FJd%2BLkQ2ssw8luQVkqVs9spDBVE6h%2Fu%2FhC%2FtzngsPo%3D#dbus",
      "source": "nixpkg",
      "systems": {
        "x86_64-linux": {
          "outputs": [
            {
              "name": "man",
              "path": "/nix/store/71qbsax004vi2z3hzm6g19257crimawk-dbus-1.14.10-man",
              "default": true
            },
            {
              "path": "/nix/store/fxd030lwhc81ajzxbvxcj1y0p8mgf52q-dbus-1.14.10",
              "default": true
            }
          ]
        }
      }
    },
    "gcc_multi": {
      "resolved": "github:NixOS/nixpkgs/f937f8ecd1c70efd7e9f90ba13dfb400cf559de4?narHash=sha256-4%2FJd%2BLkQ2ssw8luQVkqVs9spDBVE6h%2Fu%2FhC%2FtzngsPo%3D#gcc_multi",
      "source": "nixpkg"
    },
    "gdb@latest": {
      "last_modified": "2025-07-28T17:09:23Z",
      "resolved": "github:NixOS/nixpkgs/648f70160c03151bc2121d179291337ad6bc564b#gdb",
      "source": "devbox-search",
      "version": "16.3",
      "systems": {
        "aarch64-darwin": {
          "outputs": [
            {
              "name": "out",
              "path": "/nix/store/s5fnxndxvgnbmg3bccnsjy46wycx6y74-gdb-16.3",
              "default": true
            }
          ],
          "store_path": "/nix/store/s5fnxndxvgnbmg3bccnsjy46wycx6y74-gdb-16.3"
        },
        "aarch64-linux": {
          "outputs": [
            {
              "name": "out",
              "path": "/nix/store/h9cpddmclwip5p43xv4gcff1lyqypf1v-gdb-16.3",
              "default": true
            }
          ],
          "store_path": "/nix/store/h9cpddmclwip5p43xv4gcff1lyqypf1v-gdb-16.3"
        },
        "x86_64-darwin": {
          "outputs": [
            {
              "name": "out",
              "path": "/nix/store/rcg60zqc9wv8jq2dq3z55i4v6h514z0x-gdb-16.3",
              "default": true
            }
          ],
          "store_path": "/nix/store/rcg60zqc9wv8jq2dq3z55i4v6h514z0x-gdb-16.3"
        },
        "x86_64-linux": {
          "outputs": [
            {
              "name": "out",
              "path": "/nix/store/khp0icx2szvnkby93k1kzf5s0wp6fxrj-gdb-16.3",
              "default": true
            }
          ],
          "store_path": "/nix/store/khp0icx2szvnkby93k1kzf5s0wp6fxrj-gdb-16.3"
        }
      }
    },
    "github:NixOS/nixpkgs/nixpkgs-unstable": {
      "last_modified": "2025-08-22T02:25:05Z",
      "resolved": "github:NixOS/nixpkgs/f937f8ecd1c70efd7e9f90ba13dfb400cf559de4?lastModified=1755829505&narHash=sha256-4%2FJd%2BLkQ2ssw8luQVkqVs9spDBVE6h%2Fu%2FhC%2FtzngsPo%3D"
    },
    "gnumake": {
      "resolved": "github:NixOS/nixpkgs/f937f8ecd1c70efd7e9f90ba13dfb400cf559de4?narHash=sha256-4%2FJd%2BLkQ2ssw8luQVkqVs9spDBVE6h%2Fu%2FhC%2FtzngsPo%3D#gnumake",
      "source": "nixpkg",
      "systems": {
        "x86_64-linux": {
          "outputs": [
            {
              "path": "/nix/store/kzf67ka1wa2055bnsdrnqnv59md9xbxa-gnumake-4.4.1",
              "default": true
            },
            {
              "name": "man",
              "path": "/nix/store/n414mxklk1mxyk9syhbbh6j0d92l4ggi-gnumake-4.4.1-man",
              "default": true
            }
          ]
        }
      }
    },
    "mesa": {
      "resolved": "github:NixOS/nixpkgs/f937f8ecd1c70efd7e9f90ba13dfb400cf559de4?narHash=sha256-4%2FJd%2BLkQ2ssw8luQVkqVs9spDBVE6h%2Fu%2FhC%2FtzngsPo%3D#mesa",
      "source": "nixpkg",
      "systems": {
        "x86_64-linux": {
          "outputs": [
            {
              "path": "/nix/store/n49afhg7kbbbqlphc9n87lf7xl8x0kli-mesa-25.2.1",
              "default": true
            }
          ]
        }
      }
    },
    "meson": {
      "resolved": "github:NixOS/nixpkgs/f937f8ecd1c70efd7e9f90ba13dfb400cf559de4?narHash=sha256-4%2FJd%2BLkQ2ssw8luQVkqVs9spDBVE6h%2Fu%2FhC%2FtzngsPo%3D#meson",
      "source": "nixpkg",
      "systems": {
        "x86_64-linux": {
          "outputs": [
            {
              "path": "/nix/store/mlbip5589yfjw1hmyjrw070l8gk1kpbk-meson-1.8.2",
              "default": true
            }
          ]
        }
      }
    },
    "ninja": {
      "resolved": "github:NixOS/nixpkgs/f937f8ecd1c70efd7e9f90ba13dfb400cf559de4?narHash=sha256-4%2FJd%2BLkQ2ssw8luQVkqVs9spDBVE6h%2Fu%2FhC%2FtzngsPo%3D#ninja",
      "source": "nixpkg",
      "systems": {
        "x86_64-linux": {
          "outputs": [
            {
              "path": "/nix/store/wws3zb9sa7b21msrwh0b2018pl7bpsw6-ninja-1.12.1",
              "default": true
            }
          ]
        }
      }
    },
    "nodejs@latest": {
      "last_modified": "2025-08-10T04:38:50Z",
      "plugin_version": "0.0.2",
      "resolved": "github:NixOS/nixpkgs/641d909c4a7538f1539da9240dedb1755c907e40#nodejs_24",
      "source": "devbox-search",
      "version": "24.5.0",
      "systems": {
        "aarch64-darwin": {
          "outputs": [
            {
              "name": "out",
              "path": "/nix/store/b1j05q96hwagn787p2jlgqcjg2nf5x49-nodejs-24.5.0",
              "default": true
            },
            {
              "name": "dev",
              "path": "/nix/store/j6ayg4xpqy9xdxgrhpqylzq8v7v07c6r-nodejs-24.5.0-dev"
            },
            {
              "name": "libv8",
              "path": "/nix/store/3ys6v5s5gvd9snwnl4saynl6av7mz3vy-nodejs-24.5.0-libv8"
            }
          ],
          "store_path": "/nix/store/b1j05q96hwagn787p2jlgqcjg2nf5x49-nodejs-24.5.0"
        },
        "aarch64-linux": {
          "outputs": [
            {
              "name": "out",
              "path": "/nix/store/1kn0vh4gf3a22arldrw694apq3fhgp15-nodejs-24.5.0",
              "default": true
            },
            {
              "name": "dev",
              "path": "/nix/store/i3lqaj3j6znhnzh8ayka6q85r81ppxnw-nodejs-24.5.0-dev"
            },
            {
              "name": "libv8",
              "path": "/nix/store/jjw6xgmg6qynp336g9igqnzlfbhzxr2i-nodejs-24.5.0-libv8"
            }
          ],
          "store_path": "/nix/store/1kn0vh4gf3a22arldrw694apq3fhgp15-nodejs-24.5.0"
        },
        "x86_64-darwin": {
          "outputs": [
            {
              "name": "out",
              "path": "/nix/store/sbcg21wp4bdzyh2542v77sp535kvfbfq-nodejs-24.5.0",
              "default": true
            },
            {
              "name": "libv8",
              "path": "/nix/store/75b7iix0pbmxmfnmv90l3q0ll1gc75az-nodejs-24.5.0-libv8"
            },
            {
              "name": "dev",
              "path": "/nix/store/fg7pi9s6m0spci1pfqbny0kxmk832i3r-nodejs-24.5.0-dev"
            }
          ],
          "store_path": "/nix/store/sbcg21wp4bdzyh2542v77sp535kvfbfq-nodejs-24.5.0"
        },
        "x86_64-linux": {
          "outputs": [
            {
              "name": "out",
              "path": "/nix/store/357id3rjy9417k4dkvxxmpgd9bxrwc7l-nodejs-24.5.0",
              "default": true
            },
            {
              "name": "dev",
              "path": "/nix/store/0drh8jjq84sji6889l2k3ysmvy7sc9sg-nodejs-24.5.0-dev"
            },
            {
              "name": "libv8",
              "path": "/nix/store/kdlv4q7sgap0z43cylklhxz1g1q7751b-nodejs-24.5.0-libv8"
            }
          ],
          "store_path": "/nix/store/357id3rjy9417k4dkvxxmpgd9bxrwc7l-nodejs-24.5.0"
        }
      }
    },
    "pkgsi686Linux.glfw": {
      "resolved": "github:NixOS/nixpkgs/f937f8ecd1c70efd7e9f90ba13dfb400cf559de4?narHash=sha256-4%2FJd%2BLkQ2ssw8luQVkqVs9spDBVE6h%2Fu%2FhC%2FtzngsPo%3D#pkgsi686Linux.glfw",
      "source": "nixpkg"
    },
    "pkgsi686Linux.glslang": {
      "resolved": "github:NixOS/nixpkgs/f937f8ecd1c70efd7e9f90ba13dfb400cf559de4?narHash=sha256-4%2FJd%2BLkQ2ssw8luQVkqVs9spDBVE6h%2Fu%2FhC%2FtzngsPo%3D#pkgsi686Linux.glslang",
      "source": "nixpkg"
    },
    "pkgsi686Linux.libglvnd": {
      "resolved": "github:NixOS/nixpkgs/f937f8ecd1c70efd7e9f90ba13dfb400cf559de4?narHash=sha256-4%2FJd%2BLkQ2ssw8luQVkqVs9spDBVE6h%2Fu%2FhC%2FtzngsPo%3D#pkgsi686Linux.libglvnd",
      "source": "nixpkg"
    },
    "pkgsi686Linux.libxkbcommon": {
      "resolved": "github:NixOS/nixpkgs/f937f8ecd1c70efd7e9f90ba13dfb400cf559de4?narHash=sha256-4%2FJd%2BLkQ2ssw8luQVkqVs9spDBVE6h%2Fu%2FhC%2FtzngsPo%3D#pkgsi686Linux.libxkbcommon",
      "source": "nixpkg"
    },
    "pkgsi686Linux.pkg-config": {
      "resolved": "github:NixOS/nixpkgs/f937f8ecd1c70efd7e9f90ba13dfb400cf559de4?narHash=sha256-4%2FJd%2BLkQ2ssw8luQVkqVs9spDBVE6h%2Fu%2FhC%2FtzngsPo%3D#pkgsi686Linux.pkg-config",
      "source": "nixpkg"
    },
    "pkgsi686Linux.shaderc": {
      "resolved": "github:NixOS/nixpkgs/f937f8ecd1c70efd7e9f90ba13dfb400cf559de4?narHash=sha256-4%2FJd%2BLkQ2ssw8luQVkqVs9spDBVE6h%2Fu%2FhC%2FtzngsPo%3D#pkgsi686Linux.shaderc",
      "source": "nixpkg"
    },
    "pkgsi686Linux.vulkan-headers": {
      "resolved": "github:NixOS/nixpkgs/f937f8ecd1c70efd7e9f90ba13dfb400cf559de4?narHash=sha256-4%2FJd%2BLkQ2ssw8luQVkqVs9spDBVE6h%2Fu%2FhC%2FtzngsPo%3D#pkgsi686Linux.vulkan-headers",
      "source": "nixpkg"
    },
    "pkgsi686Linux.vulkan-loader": {
      "resolved": "github:NixOS/nixpkgs/f937f8ecd1c70efd7e9f90ba13dfb400cf559de4?narHash=sha256-4%2FJd%2BLkQ2ssw8luQVkqVs9spDBVE6h%2Fu%2FhC%2FtzngsPo%3D#pkgsi686Linux.vulkan-loader",
      "source": "nixpkg"
    },
    "pkgsi686Linux.vulkan-tools": {
      "resolved": "github:NixOS/nixpkgs/f937f8ecd1c70efd7e9f90ba13dfb400cf559de4?narHash=sha256-4%2FJd%2BLkQ2ssw8luQVkqVs9spDBVE6h%2Fu%2FhC%2FtzngsPo%3D#pkgsi686Linux.vulkan-tools",
      "source": "nixpkg"
    },
    "pkgsi686Linux.vulkan-validation-layers": {
      "resolved": "github:NixOS/nixpkgs/f937f8ecd1c70efd7e9f90ba13dfb400cf559de4?narHash=sha256-4%2FJd%2BLkQ2ssw8luQVkqVs9spDBVE6h%2Fu%2FhC%2FtzngsPo%3D#pkgsi686Linux.vulkan-validation-layers",
      "source": "nixpkg"
    },
    "pkgsi686Linux.wayland": {
      "resolved": "github:NixOS/nixpkgs/f937f8ecd1c70efd7e9f90ba13dfb400cf559de4?narHash=sha256-4%2FJd%2BLkQ2ssw8luQVkqVs9spDBVE6h%2Fu%2FhC%2FtzngsPo%3D#pkgsi686Linux.wayland",
      "source": "nixpkg"
    },
    "pkgsi686Linux.xorg.libX11": {
      "resolved": "github:NixOS/nixpkgs/f937f8ecd1c70efd7e9f90ba13dfb400cf559de4?narHash=sha256-4%2FJd%2BLkQ2ssw8luQVkqVs9spDBVE6h%2Fu%2FhC%2FtzngsPo%3D#pkgsi686Linux.xorg.libX11",
      "source": "nixpkg"
    },
    "pkgsi686Linux.xorg.libX11.dev": {
      "resolved": "github:NixOS/nixpkgs/f937f8ecd1c70efd7e9f90ba13dfb400cf559de4?narHash=sha256-4%2FJd%2BLkQ2ssw8luQVkqVs9spDBVE6h%2Fu%2FhC%2FtzngsPo%3D#pkgsi686Linux.xorg.libX11.dev",
      "source": "nixpkg"
    },
    "pkgsi686Linux.xorg.libXi.dev": {
      "resolved": "github:NixOS/nixpkgs/f937f8ecd1c70efd7e9f90ba13dfb400cf559de4?narHash=sha256-4%2FJd%2BLkQ2ssw8luQVkqVs9spDBVE6h%2Fu%2FhC%2FtzngsPo%3D#pkgsi686Linux.xorg.libXi.dev",
      "source": "nixpkg"
    },
    "pkgsi686Linux.xorg.libXrandr": {
      "resolved": "github:NixOS/nixpkgs/f937f8ecd1c70efd7e9f90ba13dfb400cf559de4?narHash=sha256-4%2FJd%2BLkQ2ssw8luQVkqVs9spDBVE6h%2Fu%2FhC%2FtzngsPo%3D#pkgsi686Linux.xorg.libXrandr",
      "source": "nixpkg"
    },
    "pkgsi686Linux.xorg.libxcb": {
      "resolved": "github:NixOS/nixpkgs/f937f8ecd1c70efd7e9f90ba13dfb400cf559de4?narHash=sha256-4%2FJd%2BLkQ2ssw8luQVkqVs9spDBVE6h%2Fu%2FhC%2FtzngsPo%3D#pkgsi686Linux.xorg.libxcb",
      "source": "nixpkg"
    },
    "pkgsi686Linux.xorg.xrandr": {
      "resolved": "github:NixOS/nixpkgs/f937f8ecd1c70efd7e9f90ba13dfb400cf559de4?narHash=sha256-4%2FJd%2BLkQ2ssw8luQVkqVs9spDBVE6h%2Fu%2FhC%2FtzngsPo%3D#pkgsi686Linux.xorg.xrandr",
      "source": "nixpkg"
    },
    "python312@latest": {
      "last_modified": "2025-07-28T17:09:23Z",
      "plugin_version": "0.0.4",
      "resolved": "github:NixOS/nixpkgs/648f70160c03151bc2121d179291337ad6bc564b#python312",
      "source": "devbox-search",
      "version": "3.12.11",
      "systems": {
        "aarch64-darwin": {
          "outputs": [
            {
              "name": "out",
              "path": "/nix/store/dm4fl983hky9lxj9bw3l7i0jnb4j408m-python3-3.12.11",
              "default": true
            }
          ],
          "store_path": "/nix/store/dm4fl983hky9lxj9bw3l7i0jnb4j408m-python3-3.12.11"
        },
        "aarch64-linux": {
          "outputs": [
            {
              "name": "out",
              "path": "/nix/store/4k1n9qx7di8k7p2fq14phwhw9bzdfzki-python3-3.12.11",
              "default": true
            },
            {
              "name": "debug",
              "path": "/nix/store/7kf4is0acnfbh8rii15zdf6xc7dlzzwc-python3-3.12.11-debug"
            }
          ],
          "store_path": "/nix/store/4k1n9qx7di8k7p2fq14phwhw9bzdfzki-python3-3.12.11"
        },
        "x86_64-darwin": {
          "outputs": [
            {
              "name": "out",
              "path": "/nix/store/pfdb4894kx655ivy97y4qibncwd3spqx-python3-3.12.11",
              "default": true
            }
          ],
          "store_path": "/nix/store/pfdb4894kx655ivy97y4qibncwd3spqx-python3-3.12.11"
        },
        "x86_64-linux": {
          "outputs": [
            {
              "name": "out",
              "path": "/nix/store/2i76abyx06asxr2k3rgsp8zx647qj38h-python3-3.12.11",
              "default": true
            },
            {
              "name": "debug",
              "path": "/nix/store/gndignbyvrbrrgk575rcll7d8izkrcq5-python3-3.12.11-debug"
            }
          ],
          "store_path": "/nix/store/2i76abyx06asxr2k3rgsp8zx647qj38h-python3-3.12.11"
        }
      }
    },
    "python312Packages.pillow@latest": {
      "last_modified": "2025-07-28T17:09:23Z",
      "resolved": "github:NixOS/nixpkgs/648f70160c03151bc2121d179291337ad6bc564b#python312Packages.pillow",
      "source": "devbox-search",
      "version": "11.3.0",
      "systems": {
        "aarch64-darwin": {
          "outputs": [
            {
              "name": "out",
              "path": "/nix/store/awxsvm2xry0nj35a2p8rla3sx5z9ipvr-python3.12-pillow-11.3.0",
              "default": true
            },
            {
              "name": "dist",
              "path": "/nix/store/b61j036k11aq6g79mbjvppg14yjp7dlg-python3.12-pillow-11.3.0-dist"
            }
          ],
          "store_path": "/nix/store/awxsvm2xry0nj35a2p8rla3sx5z9ipvr-python3.12-pillow-11.3.0"
        },
        "aarch64-linux": {
          "outputs": [
            {
              "name": "out",
              "path": "/nix/store/0z63h15vpnn213c1hdzkihdr4afvpvh9-python3.12-pillow-11.3.0",
              "default": true
            },
            {
              "name": "dist",
              "path": "/nix/store/sd1g9pd15f4rr9yd22bh32x31dzrsiv3-python3.12-pillow-11.3.0-dist"
            }
          ],
          "store_path": "/nix/store/0z63h15vpnn213c1hdzkihdr4afvpvh9-python3.12-pillow-11.3.0"
        },
        "x86_64-darwin": {
          "outputs": [
            {
              "name": "out",
              "path": "/nix/store/4c4kmifx721x8945xx8qlqxf2978zjdz-python3.12-pillow-11.3.0",
              "default": true
            },
            {
              "name": "dist",
              "path": "/nix/store/9vgj8brkvc2cjdypnxi6bj9a09n3afjl-python3.12-pillow-11.3.0-dist"
            }
          ],
          "store_path": "/nix/store/4c4kmifx721x8945xx8qlqxf2978zjdz-python3.12-pillow-11.3.0"
        },
        "x86_64-linux": {
          "outputs": [
            {
              "name": "out",
              "path": "/nix/store/zi2513i8v96pbijfiwfry1v2pixm79nj-python3.12-pillow-11.3.0",
              "default": true
            },
            {
              "name": "dist",
              "path": "/nix/store/9dq7qry3bgp3da794fq1qzm1kjr5l6jm-python3.12-pillow-11.3.0-dist"
            }
          ],
          "store_path": "/nix/store/zi2513i8v96pbijfiwfry1v2pixm79nj-python3.12-pillow-11.3.0"
        }
      }
    },
    "python312Packages.pip": {
      "resolved": "github:NixOS/nixpkgs/f937f8ecd1c70efd7e9f90ba13dfb400cf559de4?narHash=sha256-4%2FJd%2BLkQ2ssw8luQVkqVs9spDBVE6h%2Fu%2FhC%2FtzngsPo%3D#python312Packages.pip",
      "source": "nixpkg"
    },
    "python312Packages.requests@latest": {
      "last_modified": "2025-07-28T17:09:23Z",
      "resolved": "github:NixOS/nixpkgs/648f70160c03151bc2121d179291337ad6bc564b#python312Packages.requests",
      "source": "devbox-search",
      "version": "2.32.4",
      "systems": {
        "aarch64-darwin": {
          "outputs": [
            {
              "name": "out",
              "path": "/nix/store/13dprfc5c10dawcq3jys42pa5pi8vb1a-python3.12-requests-2.32.4",
              "default": true
            },
            {
              "name": "dist",
              "path": "/nix/store/bp4jhmdpz13ad83p2f3mnnpq9j5hjxy5-python3.12-requests-2.32.4-dist"
            }
          ],
          "store_path": "/nix/store/13dprfc5c10dawcq3jys42pa5pi8vb1a-python3.12-requests-2.32.4"
        },
        "aarch64-linux": {
          "outputs": [
            {
              "name": "out",
              "path": "/nix/store/bp0r32ypj8vvzkgnjh7xmgl09s379fnf-python3.12-requests-2.32.4",
              "default": true
            },
            {
              "name": "dist",
              "path": "/nix/store/kvdnppkqjn46jvflf0al35m4dpx4m33q-python3.12-requests-2.32.4-dist"
            }
          ],
          "store_path": "/nix/store/bp0r32ypj8vvzkgnjh7xmgl09s379fnf-python3.12-requests-2.32.4"
        },
        "x86_64-darwin": {
          "outputs": [
            {
              "name": "out",
              "path": "/nix/store/yagxc2v0byg57i28gi8ksm6zrjr1870p-python3.12-requests-2.32.4",
              "default": true
            },
            {
              "name": "dist",
              "path": "/nix/store/ymrp5fas4pm6qzkajw48k7i6wl3xcah2-python3.12-requests-2.32.4-dist"
            }
          ],
          "store_path": "/nix/store/yagxc2v0byg57i28gi8ksm6zrjr1870p-python3.12-requests-2.32.4"
        },
        "x86_64-linux": {
          "outputs": [
            {
              "name": "out",
              "path": "/nix/store/mr84sk6iw4kffb9ph4dblc1bsa0d0il9-python3.12-requests-2.32.4",
              "default": true
            },
            {
              "name": "dist",
              "path": "/nix/store/jhzabbyc922sbh1ibyh0fg04mn4k063i-python3.12-requests-2.32.4-dist"
            }
          ],
          "store_path": "/nix/store/mr84sk6iw4kffb9ph4dblc1bsa0d0il9-python3.12-requests-2.32.4"
        }
      }
    },
    "stdenv": {
      "resolved": "github:NixOS/nixpkgs/f937f8ecd1c70efd7e9f90ba13dfb400cf559de4?narHash=sha256-4%2FJd%2BLkQ2ssw8luQVkqVs9spDBVE6h%2Fu%2FhC%2FtzngsPo%3D#stdenv",
      "source": "nixpkg"
    },
    "wmctrl@latest": {
      "last_modified": "2025-10-07T08:41:47Z",
      "resolved": "github:NixOS/nixpkgs/bce5fe2bb998488d8e7e7856315f90496723793c#wmctrl",
      "source": "devbox-search",
      "version": "1.07",
      "systems": {
        "aarch64-darwin": {
          "outputs": [
            {
              "name": "out",
              "path": "/nix/store/z7i7hgx56ddk4pn9inm2ir559019k3i9-wmctrl-1.07",
              "default": true
            }
          ],
          "store_path": "/nix/store/z7i7hgx56ddk4pn9inm2ir559019k3i9-wmctrl-1.07"
        },
        "aarch64-linux": {
          "outputs": [
            {
              "name": "out",
              "path": "/nix/store/hicwzrq1yc6ir8dpgx9f2661a9hmy663-wmctrl-1.07",
              "default": true
            }
          ],
          "store_path": "/nix/store/hicwzrq1yc6ir8dpgx9f2661a9hmy663-wmctrl-1.07"
        },
        "x86_64-darwin": {
          "outputs": [
            {
              "name": "out",
              "path": "/nix/store/g0xgk18fx2i5vljr11kl2ik6jhaxf69v-wmctrl-1.07",
              "default": true
            }
          ],
          "store_path": "/nix/store/g0xgk18fx2i5vljr11kl2ik6jhaxf69v-wmctrl-1.07"
        },
        "x86_64-linux": {
          "outputs": [
            {
              "name": "out",
              "path": "/nix/store/bq26d0sxffz85bfj7b8bc4sy0d1vgb64-wmctrl-1.07",
              "default": true
            }
          ],
          "store_path": "/nix/store/bq26d0sxffz85bfj7b8bc4sy0d1vgb64-wmctrl-1.07"
        }
      }
    }
  }
}
